version = 1
requires-python = ">=3.13"

[[package]]
name = "azure-appconfiguration"
version = "1.7.1"
source = { registry = "https://pypi.org/simple" }
dependencies = [
    { name = "azure-core" },
    { name = "isodate" },
]
sdist = { url = "https://files.pythonhosted.org/packages/2c/ff/cd3804d1aa1789f393a3174ca2b701edf7f0092c615ab384fd065afd4433/azure-appconfiguration-1.7.1.tar.gz", hash = "sha256:3ebe41e9be3f4ae6ca61e5dbc42c4b7cc007a01054a8506501a26dfc199fd3ec", size = 113698 }
wheels = [
    { url = "https://files.pythonhosted.org/packages/fa/6f/e4d2645a70a2e19c23e47350737e7f6d44bc883666c9099c79fb775a4e10/azure_appconfiguration-1.7.1-py3-none-any.whl", hash = "sha256:6e62b040a0210071be4423aafbdca3b053884c0d412855e3f8eff8e8d0b1a02b", size = 90971 },
]

[[package]]
name = "azure-appconfiguration-provider"
version = "1.3.0"
source = { registry = "https://pypi.org/simple" }
dependencies = [
    { name = "azure-appconfiguration" },
    { name = "azure-core" },
    { name = "azure-keyvault-secrets" },
    { name = "dnspython" },
]
sdist = { url = "https://files.pythonhosted.org/packages/60/98/b6e019cc0428875561fff7b67b34b26d072d1727a0c35c7ee11d33dc6c3c/azure_appconfiguration_provider-1.3.0.tar.gz", hash = "sha256:6d1829c81bf73b926de7761358762bf5c9940580aa35e71979d1f50735bd785c", size = 47978 }
wheels = [
    { url = "https://files.pythonhosted.org/packages/6f/17/5b09d06fb29e374c556e663438cd11eccddc80251761fe50a090917c56e6/azure_appconfiguration_provider-1.3.0-py3-none-any.whl", hash = "sha256:8a3ea8e807abcced9aced321ddd763b70bc3b407e3ad4e2ffc33cca4e889a95b", size = 35591 },
]

[[package]]
name = "azure-core"
version = "1.32.0"
source = { registry = "https://pypi.org/simple" }
dependencies = [
    { name = "requests" },
    { name = "six" },
    { name = "typing-extensions" },
]
sdist = { url = "https://files.pythonhosted.org/packages/cc/ee/668328306a9e963a5ad9f152cd98c7adad86c822729fd1d2a01613ad1e67/azure_core-1.32.0.tar.gz", hash = "sha256:22b3c35d6b2dae14990f6c1be2912bf23ffe50b220e708a28ab1bb92b1c730e5", size = 279128 }
wheels = [
    { url = "https://files.pythonhosted.org/packages/39/83/325bf5e02504dbd8b4faa98197a44cdf8a325ef259b48326a2b6f17f8383/azure_core-1.32.0-py3-none-any.whl", hash = "sha256:eac191a0efb23bfa83fddf321b27b122b4ec847befa3091fa736a5c32c50d7b4", size = 198855 },
]

[[package]]
name = "azure-identity"
version = "1.19.0"
source = { registry = "https://pypi.org/simple" }
dependencies = [
    { name = "azure-core" },
    { name = "cryptography" },
    { name = "msal" },
    { name = "msal-extensions" },
    { name = "typing-extensions" },
]
sdist = { url = "https://files.pythonhosted.org/packages/aa/91/cbaeff9eb0b838f0d35b4607ac1c6195c735c8eb17db235f8f60e622934c/azure_identity-1.19.0.tar.gz", hash = "sha256:500144dc18197d7019b81501165d4fa92225f03778f17d7ca8a2a180129a9c83", size = 263058 }
wheels = [
    { url = "https://files.pythonhosted.org/packages/f0/d5/3995ed12f941f4a41a273d9b1709282e825ef87ed8eab3833038fee54d59/azure_identity-1.19.0-py3-none-any.whl", hash = "sha256:e3f6558c181692d7509f09de10cca527c7dce426776454fb97df512a46527e81", size = 187587 },
]

[[package]]
name = "azure-keyvault-secrets"
version = "4.9.0"
source = { registry = "https://pypi.org/simple" }
dependencies = [
    { name = "azure-core" },
    { name = "isodate" },
    { name = "typing-extensions" },
]
sdist = { url = "https://files.pythonhosted.org/packages/51/53/188681c8b7ec49b6945605efdb91ec9a86ebfa77f8eab8b9a50f458c504a/azure_keyvault_secrets-4.9.0.tar.gz", hash = "sha256:2a03bb2ffd9a0d6c8ad1c330d9d0310113985a9de06607ece378fd72a5889fe1", size = 97722 }
wheels = [
    { url = "https://files.pythonhosted.org/packages/bf/ad/e5dd4c09ed80196b1b35f107502b12e32d06eb2d965adf4673df0d5cf85e/azure_keyvault_secrets-4.9.0-py3-none-any.whl", hash = "sha256:33c7e2aca2cc2092cebc8c6e96eca36a5cc30c767e16ea429c5fa21270e9fba6", size = 87006 },
]

[[package]]
name = "certifi"
version = "2024.8.30"
source = { registry = "https://pypi.org/simple" }
sdist = { url = "https://files.pythonhosted.org/packages/b0/ee/9b19140fe824b367c04c5e1b369942dd754c4c5462d5674002f75c4dedc1/certifi-2024.8.30.tar.gz", hash = "sha256:bec941d2aa8195e248a60b31ff9f0558284cf01a52591ceda73ea9afffd69fd9", size = 168507 }
wheels = [
    { url = "https://files.pythonhosted.org/packages/12/90/3c9ff0512038035f59d279fddeb79f5f1eccd8859f06d6163c58798b9487/certifi-2024.8.30-py3-none-any.whl", hash = "sha256:922820b53db7a7257ffbda3f597266d435245903d80737e34f8a45ff3e3230d8", size = 167321 },
]

[[package]]
name = "cffi"
version = "1.17.1"
source = { registry = "https://pypi.org/simple" }
dependencies = [
    { name = "pycparser" },
]
sdist = { url = "https://files.pythonhosted.org/packages/fc/97/c783634659c2920c3fc70419e3af40972dbaf758daa229a7d6ea6135c90d/cffi-1.17.1.tar.gz", hash = "sha256:1c39c6016c32bc48dd54561950ebd6836e1670f2ae46128f67cf49e789c52824", size = 516621 }
wheels = [
    { url = "https://files.pythonhosted.org/packages/8d/f8/dd6c246b148639254dad4d6803eb6a54e8c85c6e11ec9df2cffa87571dbe/cffi-1.17.1-cp313-cp313-macosx_10_13_x86_64.whl", hash = "sha256:f3a2b4222ce6b60e2e8b337bb9596923045681d71e5a082783484d845390938e", size = 182989 },
    { url = "https://files.pythonhosted.org/packages/8b/f1/672d303ddf17c24fc83afd712316fda78dc6fce1cd53011b839483e1ecc8/cffi-1.17.1-cp313-cp313-macosx_11_0_arm64.whl", hash = "sha256:0984a4925a435b1da406122d4d7968dd861c1385afe3b45ba82b750f229811e2", size = 178802 },
    { url = "https://files.pythonhosted.org/packages/0e/2d/eab2e858a91fdff70533cab61dcff4a1f55ec60425832ddfdc9cd36bc8af/cffi-1.17.1-cp313-cp313-manylinux_2_12_i686.manylinux2010_i686.manylinux_2_17_i686.manylinux2014_i686.whl", hash = "sha256:d01b12eeeb4427d3110de311e1774046ad344f5b1a7403101878976ecd7a10f3", size = 454792 },
    { url = "https://files.pythonhosted.org/packages/75/b2/fbaec7c4455c604e29388d55599b99ebcc250a60050610fadde58932b7ee/cffi-1.17.1-cp313-cp313-manylinux_2_17_aarch64.manylinux2014_aarch64.whl", hash = "sha256:706510fe141c86a69c8ddc029c7910003a17353970cff3b904ff0686a5927683", size = 478893 },
    { url = "https://files.pythonhosted.org/packages/4f/b7/6e4a2162178bf1935c336d4da8a9352cccab4d3a5d7914065490f08c0690/cffi-1.17.1-cp313-cp313-manylinux_2_17_ppc64le.manylinux2014_ppc64le.whl", hash = "sha256:de55b766c7aa2e2a3092c51e0483d700341182f08e67c63630d5b6f200bb28e5", size = 485810 },
    { url = "https://files.pythonhosted.org/packages/c7/8a/1d0e4a9c26e54746dc08c2c6c037889124d4f59dffd853a659fa545f1b40/cffi-1.17.1-cp313-cp313-manylinux_2_17_s390x.manylinux2014_s390x.whl", hash = "sha256:c59d6e989d07460165cc5ad3c61f9fd8f1b4796eacbd81cee78957842b834af4", size = 471200 },
    { url = "https://files.pythonhosted.org/packages/26/9f/1aab65a6c0db35f43c4d1b4f580e8df53914310afc10ae0397d29d697af4/cffi-1.17.1-cp313-cp313-manylinux_2_17_x86_64.manylinux2014_x86_64.whl", hash = "sha256:dd398dbc6773384a17fe0d3e7eeb8d1a21c2200473ee6806bb5e6a8e62bb73dd", size = 479447 },
    { url = "https://files.pythonhosted.org/packages/5f/e4/fb8b3dd8dc0e98edf1135ff067ae070bb32ef9d509d6cb0f538cd6f7483f/cffi-1.17.1-cp313-cp313-musllinux_1_1_aarch64.whl", hash = "sha256:3edc8d958eb099c634dace3c7e16560ae474aa3803a5df240542b305d14e14ed", size = 484358 },
    { url = "https://files.pythonhosted.org/packages/f1/47/d7145bf2dc04684935d57d67dff9d6d795b2ba2796806bb109864be3a151/cffi-1.17.1-cp313-cp313-musllinux_1_1_x86_64.whl", hash = "sha256:72e72408cad3d5419375fc87d289076ee319835bdfa2caad331e377589aebba9", size = 488469 },
    { url = "https://files.pythonhosted.org/packages/bf/ee/f94057fa6426481d663b88637a9a10e859e492c73d0384514a17d78ee205/cffi-1.17.1-cp313-cp313-win32.whl", hash = "sha256:e03eab0a8677fa80d646b5ddece1cbeaf556c313dcfac435ba11f107ba117b5d", size = 172475 },
    { url = "https://files.pythonhosted.org/packages/7c/fc/6a8cb64e5f0324877d503c854da15d76c1e50eb722e320b15345c4d0c6de/cffi-1.17.1-cp313-cp313-win_amd64.whl", hash = "sha256:f6a16c31041f09ead72d69f583767292f750d24913dadacf5756b966aacb3f1a", size = 182009 },
]

[[package]]
name = "charset-normalizer"
version = "3.4.0"
source = { registry = "https://pypi.org/simple" }
sdist = { url = "https://files.pythonhosted.org/packages/f2/4f/e1808dc01273379acc506d18f1504eb2d299bd4131743b9fc54d7be4df1e/charset_normalizer-3.4.0.tar.gz", hash = "sha256:223217c3d4f82c3ac5e29032b3f1c2eb0fb591b72161f86d93f5719079dae93e", size = 106620 }
wheels = [
    { url = "https://files.pythonhosted.org/packages/f3/89/68a4c86f1a0002810a27f12e9a7b22feb198c59b2f05231349fbce5c06f4/charset_normalizer-3.4.0-cp313-cp313-macosx_10_13_universal2.whl", hash = "sha256:dd4eda173a9fcccb5f2e2bd2a9f423d180194b1bf17cf59e3269899235b2a114", size = 194617 },
    { url = "https://files.pythonhosted.org/packages/4f/cd/8947fe425e2ab0aa57aceb7807af13a0e4162cd21eee42ef5b053447edf5/charset_normalizer-3.4.0-cp313-cp313-macosx_10_13_x86_64.whl", hash = "sha256:e9e3c4c9e1ed40ea53acf11e2a386383c3304212c965773704e4603d589343ed", size = 125310 },
    { url = "https://files.pythonhosted.org/packages/5b/f0/b5263e8668a4ee9becc2b451ed909e9c27058337fda5b8c49588183c267a/charset_normalizer-3.4.0-cp313-cp313-macosx_11_0_arm64.whl", hash = "sha256:92a7e36b000bf022ef3dbb9c46bfe2d52c047d5e3f3343f43204263c5addc250", size = 119126 },
    { url = "https://files.pythonhosted.org/packages/ff/6e/e445afe4f7fda27a533f3234b627b3e515a1b9429bc981c9a5e2aa5d97b6/charset_normalizer-3.4.0-cp313-cp313-manylinux_2_17_aarch64.manylinux2014_aarch64.whl", hash = "sha256:54b6a92d009cbe2fb11054ba694bc9e284dad30a26757b1e372a1fdddaf21920", size = 139342 },
    { url = "https://files.pythonhosted.org/packages/a1/b2/4af9993b532d93270538ad4926c8e37dc29f2111c36f9c629840c57cd9b3/charset_normalizer-3.4.0-cp313-cp313-manylinux_2_17_ppc64le.manylinux2014_ppc64le.whl", hash = "sha256:1ffd9493de4c922f2a38c2bf62b831dcec90ac673ed1ca182fe11b4d8e9f2a64", size = 149383 },
    { url = "https://files.pythonhosted.org/packages/fb/6f/4e78c3b97686b871db9be6f31d64e9264e889f8c9d7ab33c771f847f79b7/charset_normalizer-3.4.0-cp313-cp313-manylinux_2_17_s390x.manylinux2014_s390x.whl", hash = "sha256:35c404d74c2926d0287fbd63ed5d27eb911eb9e4a3bb2c6d294f3cfd4a9e0c23", size = 142214 },
    { url = "https://files.pythonhosted.org/packages/2b/c9/1c8fe3ce05d30c87eff498592c89015b19fade13df42850aafae09e94f35/charset_normalizer-3.4.0-cp313-cp313-manylinux_2_17_x86_64.manylinux2014_x86_64.whl", hash = "sha256:4796efc4faf6b53a18e3d46343535caed491776a22af773f366534056c4e1fbc", size = 144104 },
    { url = "https://files.pythonhosted.org/packages/ee/68/efad5dcb306bf37db7db338338e7bb8ebd8cf38ee5bbd5ceaaaa46f257e6/charset_normalizer-3.4.0-cp313-cp313-manylinux_2_5_i686.manylinux1_i686.manylinux_2_17_i686.manylinux2014_i686.whl", hash = "sha256:e7fdd52961feb4c96507aa649550ec2a0d527c086d284749b2f582f2d40a2e0d", size = 146255 },
    { url = "https://files.pythonhosted.org/packages/0c/75/1ed813c3ffd200b1f3e71121c95da3f79e6d2a96120163443b3ad1057505/charset_normalizer-3.4.0-cp313-cp313-musllinux_1_2_aarch64.whl", hash = "sha256:92db3c28b5b2a273346bebb24857fda45601aef6ae1c011c0a997106581e8a88", size = 140251 },
    { url = "https://files.pythonhosted.org/packages/7d/0d/6f32255c1979653b448d3c709583557a4d24ff97ac4f3a5be156b2e6a210/charset_normalizer-3.4.0-cp313-cp313-musllinux_1_2_i686.whl", hash = "sha256:ab973df98fc99ab39080bfb0eb3a925181454d7c3ac8a1e695fddfae696d9e90", size = 148474 },
    { url = "https://files.pythonhosted.org/packages/ac/a0/c1b5298de4670d997101fef95b97ac440e8c8d8b4efa5a4d1ef44af82f0d/charset_normalizer-3.4.0-cp313-cp313-musllinux_1_2_ppc64le.whl", hash = "sha256:4b67fdab07fdd3c10bb21edab3cbfe8cf5696f453afce75d815d9d7223fbe88b", size = 151849 },
    { url = "https://files.pythonhosted.org/packages/04/4f/b3961ba0c664989ba63e30595a3ed0875d6790ff26671e2aae2fdc28a399/charset_normalizer-3.4.0-cp313-cp313-musllinux_1_2_s390x.whl", hash = "sha256:aa41e526a5d4a9dfcfbab0716c7e8a1b215abd3f3df5a45cf18a12721d31cb5d", size = 149781 },
    { url = "https://files.pythonhosted.org/packages/d8/90/6af4cd042066a4adad58ae25648a12c09c879efa4849c705719ba1b23d8c/charset_normalizer-3.4.0-cp313-cp313-musllinux_1_2_x86_64.whl", hash = "sha256:ffc519621dce0c767e96b9c53f09c5d215578e10b02c285809f76509a3931482", size = 144970 },
    { url = "https://files.pythonhosted.org/packages/cc/67/e5e7e0cbfefc4ca79025238b43cdf8a2037854195b37d6417f3d0895c4c2/charset_normalizer-3.4.0-cp313-cp313-win32.whl", hash = "sha256:f19c1585933c82098c2a520f8ec1227f20e339e33aca8fa6f956f6691b784e67", size = 94973 },
    { url = "https://files.pythonhosted.org/packages/65/97/fc9bbc54ee13d33dc54a7fcf17b26368b18505500fc01e228c27b5222d80/charset_normalizer-3.4.0-cp313-cp313-win_amd64.whl", hash = "sha256:707b82d19e65c9bd28b81dde95249b07bf9f5b90ebe1ef17d9b57473f8a64b7b", size = 102308 },
    { url = "https://files.pythonhosted.org/packages/bf/9b/08c0432272d77b04803958a4598a51e2a4b51c06640af8b8f0f908c18bf2/charset_normalizer-3.4.0-py3-none-any.whl", hash = "sha256:fe9f97feb71aa9896b81973a7bbada8c49501dc73e58a10fcef6663af95e5079", size = 49446 },
]

[[package]]
name = "client"
version = "0.1.0"
source = { virtual = "." }
dependencies = [
    { name = "azure-appconfiguration" },
    { name = "azure-appconfiguration-provider" },
    { name = "azure-identity" },
    { name = "featuremanagement" },
    { name = "launchdarkly-openfeature-server" },
    { name = "openfeature-sdk" },
    { name = "ruff" },
]

[package.metadata]
requires-dist = [
    { name = "azure-appconfiguration", specifier = ">=1.7.1" },
    { name = "azure-appconfiguration-provider", specifier = ">=1.3.0" },
    { name = "azure-identity", specifier = ">=1.19.0" },
    { name = "featuremanagement", specifier = ">=1.0.0" },
    { name = "launchdarkly-openfeature-server", specifier = ">=0.3.0" },
    { name = "openfeature-sdk", specifier = ">=0.7.4" },
    { name = "ruff", specifier = ">=0.8.2" },
]

[[package]]
name = "cryptography"
version = "44.0.0"
source = { registry = "https://pypi.org/simple" }
dependencies = [
    { name = "cffi", marker = "platform_python_implementation != 'PyPy'" },
]
sdist = { url = "https://files.pythonhosted.org/packages/91/4c/45dfa6829acffa344e3967d6006ee4ae8be57af746ae2eba1c431949b32c/cryptography-44.0.0.tar.gz", hash = "sha256:cd4e834f340b4293430701e772ec543b0fbe6c2dea510a5286fe0acabe153a02", size = 710657 }
wheels = [
    { url = "https://files.pythonhosted.org/packages/55/09/8cc67f9b84730ad330b3b72cf867150744bf07ff113cda21a15a1c6d2c7c/cryptography-44.0.0-cp37-abi3-macosx_10_9_universal2.whl", hash = "sha256:84111ad4ff3f6253820e6d3e58be2cc2a00adb29335d4cacb5ab4d4d34f2a123", size = 6541833 },
    { url = "https://files.pythonhosted.org/packages/7e/5b/3759e30a103144e29632e7cb72aec28cedc79e514b2ea8896bb17163c19b/cryptography-44.0.0-cp37-abi3-manylinux_2_17_aarch64.manylinux2014_aarch64.whl", hash = "sha256:b15492a11f9e1b62ba9d73c210e2416724633167de94607ec6069ef724fad092", size = 3922710 },
    { url = "https://files.pythonhosted.org/packages/5f/58/3b14bf39f1a0cfd679e753e8647ada56cddbf5acebffe7db90e184c76168/cryptography-44.0.0-cp37-abi3-manylinux_2_17_x86_64.manylinux2014_x86_64.whl", hash = "sha256:831c3c4d0774e488fdc83a1923b49b9957d33287de923d58ebd3cec47a0ae43f", size = 4137546 },
    { url = "https://files.pythonhosted.org/packages/98/65/13d9e76ca19b0ba5603d71ac8424b5694415b348e719db277b5edc985ff5/cryptography-44.0.0-cp37-abi3-manylinux_2_28_aarch64.whl", hash = "sha256:761817a3377ef15ac23cd7834715081791d4ec77f9297ee694ca1ee9c2c7e5eb", size = 3915420 },
    { url = "https://files.pythonhosted.org/packages/b1/07/40fe09ce96b91fc9276a9ad272832ead0fddedcba87f1190372af8e3039c/cryptography-44.0.0-cp37-abi3-manylinux_2_28_x86_64.whl", hash = "sha256:3c672a53c0fb4725a29c303be906d3c1fa99c32f58abe008a82705f9ee96f40b", size = 4154498 },
    { url = "https://files.pythonhosted.org/packages/75/ea/af65619c800ec0a7e4034207aec543acdf248d9bffba0533342d1bd435e1/cryptography-44.0.0-cp37-abi3-manylinux_2_34_aarch64.whl", hash = "sha256:4ac4c9f37eba52cb6fbeaf5b59c152ea976726b865bd4cf87883a7e7006cc543", size = 3932569 },
    { url = "https://files.pythonhosted.org/packages/4e/d5/9cc182bf24c86f542129565976c21301d4ac397e74bf5a16e48241aab8a6/cryptography-44.0.0-cp37-abi3-manylinux_2_34_x86_64.whl", hash = "sha256:60eb32934076fa07e4316b7b2742fa52cbb190b42c2df2863dbc4230a0a9b385", size = 4164756 },
    { url = "https://files.pythonhosted.org/packages/c7/af/d1deb0c04d59612e3d5e54203159e284d3e7a6921e565bb0eeb6269bdd8a/cryptography-44.0.0-cp37-abi3-musllinux_1_2_aarch64.whl", hash = "sha256:ed3534eb1090483c96178fcb0f8893719d96d5274dfde98aa6add34614e97c8e", size = 4016721 },
    { url = "https://files.pythonhosted.org/packages/bd/69/7ca326c55698d0688db867795134bdfac87136b80ef373aaa42b225d6dd5/cryptography-44.0.0-cp37-abi3-musllinux_1_2_x86_64.whl", hash = "sha256:f3f6fdfa89ee2d9d496e2c087cebef9d4fcbb0ad63c40e821b39f74bf48d9c5e", size = 4240915 },
    { url = "https://files.pythonhosted.org/packages/ef/d4/cae11bf68c0f981e0413906c6dd03ae7fa864347ed5fac40021df1ef467c/cryptography-44.0.0-cp37-abi3-win32.whl", hash = "sha256:eb33480f1bad5b78233b0ad3e1b0be21e8ef1da745d8d2aecbb20671658b9053", size = 2757925 },
    { url = "https://files.pythonhosted.org/packages/64/b1/50d7739254d2002acae64eed4fc43b24ac0cc44bf0a0d388d1ca06ec5bb1/cryptography-44.0.0-cp37-abi3-win_amd64.whl", hash = "sha256:abc998e0c0eee3c8a1904221d3f67dcfa76422b23620173e28c11d3e626c21bd", size = 3202055 },
    { url = "https://files.pythonhosted.org/packages/11/18/61e52a3d28fc1514a43b0ac291177acd1b4de00e9301aaf7ef867076ff8a/cryptography-44.0.0-cp39-abi3-macosx_10_9_universal2.whl", hash = "sha256:660cb7312a08bc38be15b696462fa7cc7cd85c3ed9c576e81f4dc4d8b2b31591", size = 6542801 },
    { url = "https://files.pythonhosted.org/packages/1a/07/5f165b6c65696ef75601b781a280fc3b33f1e0cd6aa5a92d9fb96c410e97/cryptography-44.0.0-cp39-abi3-manylinux_2_17_aarch64.manylinux2014_aarch64.whl", hash = "sha256:1923cb251c04be85eec9fda837661c67c1049063305d6be5721643c22dd4e2b7", size = 3922613 },
    { url = "https://files.pythonhosted.org/packages/28/34/6b3ac1d80fc174812486561cf25194338151780f27e438526f9c64e16869/cryptography-44.0.0-cp39-abi3-manylinux_2_17_x86_64.manylinux2014_x86_64.whl", hash = "sha256:404fdc66ee5f83a1388be54300ae978b2efd538018de18556dde92575e05defc", size = 4137925 },
    { url = "https://files.pythonhosted.org/packages/d0/c7/c656eb08fd22255d21bc3129625ed9cd5ee305f33752ef2278711b3fa98b/cryptography-44.0.0-cp39-abi3-manylinux_2_28_aarch64.whl", hash = "sha256:c5eb858beed7835e5ad1faba59e865109f3e52b3783b9ac21e7e47dc5554e289", size = 3915417 },
    { url = "https://files.pythonhosted.org/packages/ef/82/72403624f197af0db6bac4e58153bc9ac0e6020e57234115db9596eee85d/cryptography-44.0.0-cp39-abi3-manylinux_2_28_x86_64.whl", hash = "sha256:f53c2c87e0fb4b0c00fa9571082a057e37690a8f12233306161c8f4b819960b7", size = 4155160 },
    { url = "https://files.pythonhosted.org/packages/a2/cd/2f3c440913d4329ade49b146d74f2e9766422e1732613f57097fea61f344/cryptography-44.0.0-cp39-abi3-manylinux_2_34_aarch64.whl", hash = "sha256:9e6fc8a08e116fb7c7dd1f040074c9d7b51d74a8ea40d4df2fc7aa08b76b9e6c", size = 3932331 },
    { url = "https://files.pythonhosted.org/packages/31/d9/90409720277f88eb3ab72f9a32bfa54acdd97e94225df699e7713e850bd4/cryptography-44.0.0-cp39-abi3-manylinux_2_34_x86_64.whl", hash = "sha256:9abcc2e083cbe8dde89124a47e5e53ec38751f0d7dfd36801008f316a127d7ba", size = 4165207 },
    { url = "https://files.pythonhosted.org/packages/7f/df/8be88797f0a1cca6e255189a57bb49237402b1880d6e8721690c5603ac23/cryptography-44.0.0-cp39-abi3-musllinux_1_2_aarch64.whl", hash = "sha256:d2436114e46b36d00f8b72ff57e598978b37399d2786fd39793c36c6d5cb1c64", size = 4017372 },
    { url = "https://files.pythonhosted.org/packages/af/36/5ccc376f025a834e72b8e52e18746b927f34e4520487098e283a719c205e/cryptography-44.0.0-cp39-abi3-musllinux_1_2_x86_64.whl", hash = "sha256:a01956ddfa0a6790d594f5b34fc1bfa6098aca434696a03cfdbe469b8ed79285", size = 4239657 },
    { url = "https://files.pythonhosted.org/packages/46/b0/f4f7d0d0bcfbc8dd6296c1449be326d04217c57afb8b2594f017eed95533/cryptography-44.0.0-cp39-abi3-win32.whl", hash = "sha256:eca27345e1214d1b9f9490d200f9db5a874479be914199194e746c893788d417", size = 2758672 },
    { url = "https://files.pythonhosted.org/packages/97/9b/443270b9210f13f6ef240eff73fd32e02d381e7103969dc66ce8e89ee901/cryptography-44.0.0-cp39-abi3-win_amd64.whl", hash = "sha256:708ee5f1bafe76d041b53a4f95eb28cdeb8d18da17e597d46d7833ee59b97ede", size = 3202071 },
]

[[package]]
name = "dnspython"
version = "2.7.0"
source = { registry = "https://pypi.org/simple" }
sdist = { url = "https://files.pythonhosted.org/packages/b5/4a/263763cb2ba3816dd94b08ad3a33d5fdae34ecb856678773cc40a3605829/dnspython-2.7.0.tar.gz", hash = "sha256:ce9c432eda0dc91cf618a5cedf1a4e142651196bbcd2c80e89ed5a907e5cfaf1", size = 345197 }
wheels = [
    { url = "https://files.pythonhosted.org/packages/68/1b/e0a87d256e40e8c888847551b20a017a6b98139178505dc7ffb96f04e954/dnspython-2.7.0-py3-none-any.whl", hash = "sha256:b4c34b7d10b51bcc3a5071e7b8dee77939f1e878477eeecc965e9835f63c6c86", size = 313632 },
]

[[package]]
name = "expiringdict"
version = "1.2.2"
source = { registry = "https://pypi.org/simple" }
sdist = { url = "https://files.pythonhosted.org/packages/fc/62/c2af4ebce24c379b949de69d49e3ba97c7e9c9775dc74d18307afa8618b7/expiringdict-1.2.2.tar.gz", hash = "sha256:300fb92a7e98f15b05cf9a856c1415b3bc4f2e132be07daa326da6414c23ee09", size = 8137 }
wheels = [
    { url = "https://files.pythonhosted.org/packages/cb/84/a04c59324445f4bcc98dc05b39a1cd07c242dde643c1a3c21e4f7beaf2f2/expiringdict-1.2.2-py3-none-any.whl", hash = "sha256:09a5d20bc361163e6432a874edd3179676e935eb81b925eccef48d409a8a45e8", size = 8456 },
]

[[package]]
name = "featuremanagement"
version = "1.0.0"
source = { registry = "https://pypi.org/simple" }
sdist = { url = "https://files.pythonhosted.org/packages/97/a0/51a1e9fde6577ec20198f36cdeaf65ba2af8074b1358c67c8fb790539279/featuremanagement-1.0.0.tar.gz", hash = "sha256:170efe7851a1981a25eabb3091a7712c055faffac42a835f4b755ce440d1c052", size = 18483 }
wheels = [
    { url = "https://files.pythonhosted.org/packages/7b/41/a818d69e782675f4032777e09a0f2439eadb82c5a1e1e61c45b783cbb1f6/FeatureManagement-1.0.0-py3-none-any.whl", hash = "sha256:d582d8dee115a1219911c7ad9477a5197dfc0790858fafab87e871cb314b9244", size = 17279 },
]

[[package]]
name = "idna"
version = "3.10"
source = { registry = "https://pypi.org/simple" }
sdist = { url = "https://files.pythonhosted.org/packages/f1/70/7703c29685631f5a7590aa73f1f1d3fa9a380e654b86af429e0934a32f7d/idna-3.10.tar.gz", hash = "sha256:12f65c9b470abda6dc35cf8e63cc574b1c52b11df2c86030af0ac09b01b13ea9", size = 190490 }
wheels = [
    { url = "https://files.pythonhosted.org/packages/76/c6/c88e154df9c4e1a2a66ccf0005a88dfb2650c1dffb6f5ce603dfbd452ce3/idna-3.10-py3-none-any.whl", hash = "sha256:946d195a0d259cbba61165e88e65941f16e9b36ea6ddb97f00452bae8b1287d3", size = 70442 },
]

[[package]]
name = "isodate"
version = "0.7.2"
source = { registry = "https://pypi.org/simple" }
sdist = { url = "https://files.pythonhosted.org/packages/54/4d/e940025e2ce31a8ce1202635910747e5a87cc3a6a6bb2d00973375014749/isodate-0.7.2.tar.gz", hash = "sha256:4cd1aa0f43ca76f4a6c6c0292a85f40b35ec2e43e315b59f06e6d32171a953e6", size = 29705 }
wheels = [
    { url = "https://files.pythonhosted.org/packages/15/aa/0aca39a37d3c7eb941ba736ede56d689e7be91cab5d9ca846bde3999eba6/isodate-0.7.2-py3-none-any.whl", hash = "sha256:28009937d8031054830160fce6d409ed342816b543597cece116d966c6d99e15", size = 22320 },
]

[[package]]
name = "launchdarkly-eventsource"
version = "1.2.0"
source = { registry = "https://pypi.org/simple" }
dependencies = [
    { name = "urllib3" },
]
sdist = { url = "https://files.pythonhosted.org/packages/7d/d2/590ab7714139f0b48b5ebf8c84ff5ad09d5fef50aaa3d188f540d586c974/launchdarkly_eventsource-1.2.0.tar.gz", hash = "sha256:8cb3301ec0daeb5e17eaa37b3b65f6660fab851b317e69271185ef2fb42c2fde", size = 22461 }
wheels = [
    { url = "https://files.pythonhosted.org/packages/63/88/629d4c76a38b11a722d9c900b71a93ee9d6896de87e212e232d5814c591c/launchdarkly_eventsource-1.2.0-py3-none-any.whl", hash = "sha256:9b5ec7149e2ad9995be22ad5361deb480c229701e6b0cc799e94aa14f067b77b", size = 28943 },
]

[[package]]
name = "launchdarkly-openfeature-server"
version = "0.3.0"
source = { registry = "https://pypi.org/simple" }
dependencies = [
    { name = "launchdarkly-server-sdk" },
    { name = "openfeature-sdk" },
]
sdist = { url = "https://files.pythonhosted.org/packages/8e/9b/d13d0eecd333f23ada8cefcb6eb19d00ed58fb4eca236bc1959facd0aebd/launchdarkly_openfeature_server-0.3.0.tar.gz", hash = "sha256:f25fa072605dd9858cd316c9a8544146d5ae82741c4e04e9e36d971aa16bb135", size = 14549 }
wheels = [
    { url = "https://files.pythonhosted.org/packages/4f/9e/f217c1f624ef37d91e167beab0abb7efaa579a0c39a228c980f3fe44074f/launchdarkly_openfeature_server-0.3.0-py3-none-any.whl", hash = "sha256:d212f954113759e55e5d5ef1ac96edd350a1658b71aebd81b0e8abf36d6240a6", size = 14928 },
]

[[package]]
name = "launchdarkly-server-sdk"
version = "9.8.0"
source = { registry = "https://pypi.org/simple" }
dependencies = [
    { name = "certifi" },
    { name = "expiringdict" },
    { name = "launchdarkly-eventsource" },
    { name = "pyrfc3339" },
    { name = "semver" },
    { name = "urllib3" },
]
sdist = { url = "https://files.pythonhosted.org/packages/e4/d2/ba0bc4a92d29819825fda24ca76498245254606624c2dc20806f1b1b9cf8/launchdarkly_server_sdk-9.8.0.tar.gz", hash = "sha256:e50a5eef770a5d0c609cf823c60ad9526f2f645e67efc638af31e7582ff62050", size = 164517 }
wheels = [
    { url = "https://files.pythonhosted.org/packages/69/8e/429c84b2e6755b25c0ec800eab2eafd344e771cc9b06b2a7d792f97d2e2c/launchdarkly_server_sdk-9.8.0-py3-none-any.whl", hash = "sha256:8cb72f3cd283bd3b1954d59b8197f1467b35d5c10449904aaf560d59d4ceb368", size = 213096 },
]

[[package]]
name = "msal"
version = "1.31.1"
source = { registry = "https://pypi.org/simple" }
dependencies = [
    { name = "cryptography" },
    { name = "pyjwt", extra = ["crypto"] },
    { name = "requests" },
]
sdist = { url = "https://files.pythonhosted.org/packages/3f/f3/cdf2681e83a73c3355883c2884b6ff2f2d2aadfc399c28e9ac4edc3994fd/msal-1.31.1.tar.gz", hash = "sha256:11b5e6a3f802ffd3a72107203e20c4eac6ef53401961b880af2835b723d80578", size = 145362 }
wheels = [
    { url = "https://files.pythonhosted.org/packages/30/7c/489cd931a752d05753d730e848039f08f65f86237cf1b8724d0a1cbd700b/msal-1.31.1-py3-none-any.whl", hash = "sha256:29d9882de247e96db01386496d59f29035e5e841bcac892e6d7bf4390bf6bd17", size = 113216 },
]

[[package]]
name = "msal-extensions"
version = "1.2.0"
source = { registry = "https://pypi.org/simple" }
dependencies = [
    { name = "msal" },
    { name = "portalocker" },
]
sdist = { url = "https://files.pythonhosted.org/packages/2d/38/ad49272d0a5af95f7a0cb64a79bbd75c9c187f3b789385a143d8d537a5eb/msal_extensions-1.2.0.tar.gz", hash = "sha256:6f41b320bfd2933d631a215c91ca0dd3e67d84bd1a2f50ce917d5874ec646bef", size = 22391 }
wheels = [
    { url = "https://files.pythonhosted.org/packages/2c/69/314d887a01599669fb330da14e5c6ff5f138609e322812a942a74ef9b765/msal_extensions-1.2.0-py3-none-any.whl", hash = "sha256:cf5ba83a2113fa6dc011a254a72f1c223c88d7dfad74cc30617c4679a417704d", size = 19254 },
]

[[package]]
name = "openfeature-sdk"
version = "0.7.4"
source = { registry = "https://pypi.org/simple" }
sdist = { url = "https://files.pythonhosted.org/packages/28/39/4c991564c013c2f2a3d65c757b1e70a9bda360d84442d9f2b260407d4718/openfeature_sdk-0.7.4.tar.gz", hash = "sha256:e5db541167526104785a458395134b2eb926b1d1cd53b6c3f9505f28f5180acd", size = 51013 }
wheels = [
    { url = "https://files.pythonhosted.org/packages/e3/e8/a6606544eb8780271f1adffa32c254a989d622e17e00d50f46bb3f50662a/openfeature_sdk-0.7.4-py3-none-any.whl", hash = "sha256:3a1f62a0407f05c47e28202cf90d9cbd03aba39c8f05506601aac60a2e7303c6", size = 33465 },
]

[[package]]
name = "portalocker"
version = "2.10.1"
source = { registry = "https://pypi.org/simple" }
dependencies = [
    { name = "pywin32", marker = "platform_system == 'Windows'" },
]
sdist = { url = "https://files.pythonhosted.org/packages/ed/d3/c6c64067759e87af98cc668c1cc75171347d0f1577fab7ca3749134e3cd4/portalocker-2.10.1.tar.gz", hash = "sha256:ef1bf844e878ab08aee7e40184156e1151f228f103aa5c6bd0724cc330960f8f", size = 40891 }
wheels = [
    { url = "https://files.pythonhosted.org/packages/9b/fb/a70a4214956182e0d7a9099ab17d50bfcba1056188e9b14f35b9e2b62a0d/portalocker-2.10.1-py3-none-any.whl", hash = "sha256:53a5984ebc86a025552264b459b46a2086e269b21823cb572f8f28ee759e45bf", size = 18423 },
]

[[package]]
name = "pycparser"
version = "2.22"
source = { registry = "https://pypi.org/simple" }
sdist = { url = "https://files.pythonhosted.org/packages/1d/b2/31537cf4b1ca988837256c910a668b553fceb8f069bedc4b1c826024b52c/pycparser-2.22.tar.gz", hash = "sha256:491c8be9c040f5390f5bf44a5b07752bd07f56edf992381b05c701439eec10f6", size = 172736 }
wheels = [
    { url = "https://files.pythonhosted.org/packages/13/a3/a812df4e2dd5696d1f351d58b8fe16a405b234ad2886a0dab9183fb78109/pycparser-2.22-py3-none-any.whl", hash = "sha256:c3702b6d3dd8c7abc1afa565d7e63d53a1d0bd86cdc24edd75470f4de499cfcc", size = 117552 },
]

[[package]]
name = "pyjwt"
version = "2.10.1"
source = { registry = "https://pypi.org/simple" }
sdist = { url = "https://files.pythonhosted.org/packages/e7/46/bd74733ff231675599650d3e47f361794b22ef3e3770998dda30d3b63726/pyjwt-2.10.1.tar.gz", hash = "sha256:3cc5772eb20009233caf06e9d8a0577824723b44e6648ee0a2aedb6cf9381953", size = 87785 }
wheels = [
    { url = "https://files.pythonhosted.org/packages/61/ad/689f02752eeec26aed679477e80e632ef1b682313be70793d798c1d5fc8f/PyJWT-2.10.1-py3-none-any.whl", hash = "sha256:dcdd193e30abefd5debf142f9adfcdd2b58004e644f25406ffaebd50bd98dacb", size = 22997 },
]

[package.optional-dependencies]
crypto = [
    { name = "cryptography" },
]

[[package]]
name = "pyrfc3339"
version = "2.0.1"
source = { registry = "https://pypi.org/simple" }
sdist = { url = "https://files.pythonhosted.org/packages/f0/d2/6587e8ec3951cbd97c56333d11e0f8a3a4cb64c0d6ed101882b7b31c431f/pyrfc3339-2.0.1.tar.gz", hash = "sha256:e47843379ea35c1296c3b6c67a948a1a490ae0584edfcbdea0eaffb5dd29960b", size = 4573 }
wheels = [
    { url = "https://files.pythonhosted.org/packages/dd/ba/d778be0f6d8d583307b47ba481c95f88a59d5c6dfd5d136bc56656d1d17f/pyRFC3339-2.0.1-py3-none-any.whl", hash = "sha256:30b70a366acac3df7386b558c21af871522560ed7f3f73cf344b8c2cbb8b0c9d", size = 5777 },
]

[[package]]
name = "pywin32"
version = "308"
source = { registry = "https://pypi.org/simple" }
wheels = [
    { url = "https://files.pythonhosted.org/packages/a9/a4/aa562d8935e3df5e49c161b427a3a2efad2ed4e9cf81c3de636f1fdddfd0/pywin32-308-cp313-cp313-win32.whl", hash = "sha256:1c44539a37a5b7b21d02ab34e6a4d314e0788f1690d65b48e9b0b89f31abbbed", size = 5938579 },
    { url = "https://files.pythonhosted.org/packages/c7/50/b0efb8bb66210da67a53ab95fd7a98826a97ee21f1d22949863e6d588b22/pywin32-308-cp313-cp313-win_amd64.whl", hash = "sha256:fd380990e792eaf6827fcb7e187b2b4b1cede0585e3d0c9e84201ec27b9905e4", size = 6542056 },
    { url = "https://files.pythonhosted.org/packages/26/df/2b63e3e4f2df0224f8aaf6d131f54fe4e8c96400eb9df563e2aae2e1a1f9/pywin32-308-cp313-cp313-win_arm64.whl", hash = "sha256:ef313c46d4c18dfb82a2431e3051ac8f112ccee1a34f29c263c583c568db63cd", size = 7974986 },
]

[[package]]
name = "requests"
version = "2.32.3"
source = { registry = "https://pypi.org/simple" }
dependencies = [
    { name = "certifi" },
    { name = "charset-normalizer" },
    { name = "idna" },
    { name = "urllib3" },
]
sdist = { url = "https://files.pythonhosted.org/packages/63/70/2bf7780ad2d390a8d301ad0b550f1581eadbd9a20f896afe06353c2a2913/requests-2.32.3.tar.gz", hash = "sha256:55365417734eb18255590a9ff9eb97e9e1da868d4ccd6402399eaf68af20a760", size = 131218 }
wheels = [
    { url = "https://files.pythonhosted.org/packages/f9/9b/335f9764261e915ed497fcdeb11df5dfd6f7bf257d4a6a2a686d80da4d54/requests-2.32.3-py3-none-any.whl", hash = "sha256:70761cfe03c773ceb22aa2f671b4757976145175cdfca038c02654d061d6dcc6", size = 64928 },
]

[[package]]
name = "ruff"
version = "0.8.2"
source = { registry = "https://pypi.org/simple" }
sdist = { url = "https://files.pythonhosted.org/packages/5e/2b/01245f4f3a727d60bebeacd7ee6d22586c7f62380a2597ddb22c2f45d018/ruff-0.8.2.tar.gz", hash = "sha256:b84f4f414dda8ac7f75075c1fa0b905ac0ff25361f42e6d5da681a465e0f78e5", size = 3349020 }
wheels = [
    { url = "https://files.pythonhosted.org/packages/91/29/366be70216dba1731a00a41f2f030822b0c96c7c4f3b2c0cdce15cbace74/ruff-0.8.2-py3-none-linux_armv6l.whl", hash = "sha256:c49ab4da37e7c457105aadfd2725e24305ff9bc908487a9bf8d548c6dad8bb3d", size = 10530649 },
    { url = "https://files.pythonhosted.org/packages/63/82/a733956540bb388f00df5a3e6a02467b16c0e529132625fe44ce4c5fb9c7/ruff-0.8.2-py3-none-macosx_10_12_x86_64.whl", hash = "sha256:ec016beb69ac16be416c435828be702ee694c0d722505f9c1f35e1b9c0cc1bf5", size = 10274069 },
    { url = "https://files.pythonhosted.org/packages/3d/12/0b3aa14d1d71546c988a28e1b412981c1b80c8a1072e977a2f30c595cc4a/ruff-0.8.2-py3-none-macosx_11_0_arm64.whl", hash = "sha256:f05cdf8d050b30e2ba55c9b09330b51f9f97d36d4673213679b965d25a785f3c", size = 9909400 },
    { url = "https://files.pythonhosted.org/packages/23/08/f9f08cefb7921784c891c4151cce6ed357ff49e84b84978440cffbc87408/ruff-0.8.2-py3-none-manylinux_2_17_aarch64.manylinux2014_aarch64.whl", hash = "sha256:60f578c11feb1d3d257b2fb043ddb47501ab4816e7e221fbb0077f0d5d4e7b6f", size = 10766782 },
    { url = "https://files.pythonhosted.org/packages/e4/71/bf50c321ec179aa420c8ec40adac5ae9cc408d4d37283a485b19a2331ceb/ruff-0.8.2-py3-none-manylinux_2_17_armv7l.manylinux2014_armv7l.whl", hash = "sha256:cbd5cf9b0ae8f30eebc7b360171bd50f59ab29d39f06a670b3e4501a36ba5897", size = 10286316 },
    { url = "https://files.pythonhosted.org/packages/f2/83/c82688a2a6117539aea0ce63fdf6c08e60fe0202779361223bcd7f40bd74/ruff-0.8.2-py3-none-manylinux_2_17_i686.manylinux2014_i686.whl", hash = "sha256:b402ddee3d777683de60ff76da801fa7e5e8a71038f57ee53e903afbcefdaa58", size = 11338270 },
    { url = "https://files.pythonhosted.org/packages/7f/d7/bc6a45e5a22e627640388e703160afb1d77c572b1d0fda8b4349f334fc66/ruff-0.8.2-py3-none-manylinux_2_17_ppc64.manylinux2014_ppc64.whl", hash = "sha256:705832cd7d85605cb7858d8a13d75993c8f3ef1397b0831289109e953d833d29", size = 12058579 },
    { url = "https://files.pythonhosted.org/packages/da/3b/64150c93946ec851e6f1707ff586bb460ca671581380c919698d6a9267dc/ruff-0.8.2-py3-none-manylinux_2_17_ppc64le.manylinux2014_ppc64le.whl", hash = "sha256:32096b41aaf7a5cc095fa45b4167b890e4c8d3fd217603f3634c92a541de7248", size = 11615172 },
    { url = "https://files.pythonhosted.org/packages/e4/9e/cf12b697ea83cfe92ec4509ae414dc4c9b38179cc681a497031f0d0d9a8e/ruff-0.8.2-py3-none-manylinux_2_17_s390x.manylinux2014_s390x.whl", hash = "sha256:e769083da9439508833cfc7c23e351e1809e67f47c50248250ce1ac52c21fb93", size = 12882398 },
    { url = "https://files.pythonhosted.org/packages/a9/27/96d10863accf76a9c97baceac30b0a52d917eb985a8ac058bd4636aeede0/ruff-0.8.2-py3-none-manylinux_2_17_x86_64.manylinux2014_x86_64.whl", hash = "sha256:5fe716592ae8a376c2673fdfc1f5c0c193a6d0411f90a496863c99cd9e2ae25d", size = 11176094 },
    { url = "https://files.pythonhosted.org/packages/eb/10/cd2fd77d4a4e7f03c29351be0f53278a393186b540b99df68beb5304fddd/ruff-0.8.2-py3-none-musllinux_1_2_aarch64.whl", hash = "sha256:81c148825277e737493242b44c5388a300584d73d5774defa9245aaef55448b0", size = 10771884 },
    { url = "https://files.pythonhosted.org/packages/71/5d/beabb2ff18870fc4add05fa3a69a4cb1b1d2d6f83f3cf3ae5ab0d52f455d/ruff-0.8.2-py3-none-musllinux_1_2_armv7l.whl", hash = "sha256:d261d7850c8367704874847d95febc698a950bf061c9475d4a8b7689adc4f7fa", size = 10382535 },
    { url = "https://files.pythonhosted.org/packages/ae/29/6b3fdf3ad3e35b28d87c25a9ff4c8222ad72485ab783936b2b267250d7a7/ruff-0.8.2-py3-none-musllinux_1_2_i686.whl", hash = "sha256:1ca4e3a87496dc07d2427b7dd7ffa88a1e597c28dad65ae6433ecb9f2e4f022f", size = 10886995 },
    { url = "https://files.pythonhosted.org/packages/e9/dc/859d889b4d9356a1a2cdbc1e4a0dda94052bc5b5300098647e51a58c430b/ruff-0.8.2-py3-none-musllinux_1_2_x86_64.whl", hash = "sha256:729850feed82ef2440aa27946ab39c18cb4a8889c1128a6d589ffa028ddcfc22", size = 11220750 },
    { url = "https://files.pythonhosted.org/packages/0b/08/e8f519f61f1d624264bfd6b8829e4c5f31c3c61193bc3cff1f19dbe7626a/ruff-0.8.2-py3-none-win32.whl", hash = "sha256:ac42caaa0411d6a7d9594363294416e0e48fc1279e1b0e948391695db2b3d5b1", size = 8729396 },
    { url = "https://files.pythonhosted.org/packages/f8/d4/ba1c7ab72aba37a2b71fe48ab95b80546dbad7a7f35ea28cf66fc5cea5f6/ruff-0.8.2-py3-none-win_amd64.whl", hash = "sha256:2aae99ec70abf43372612a838d97bfe77d45146254568d94926e8ed5bbb409ea", size = 9594729 },
    { url = "https://files.pythonhosted.org/packages/23/34/db20e12d3db11b8a2a8874258f0f6d96a9a4d631659d54575840557164c8/ruff-0.8.2-py3-none-win_arm64.whl", hash = "sha256:fb88e2a506b70cfbc2de6fae6681c4f944f7dd5f2fe87233a7233d888bad73e8", size = 9035131 },
]

[[package]]
name = "semver"
version = "3.0.2"
source = { registry = "https://pypi.org/simple" }
sdist = { url = "https://files.pythonhosted.org/packages/41/6c/a536cc008f38fd83b3c1b98ce19ead13b746b5588c9a0cb9dd9f6ea434bc/semver-3.0.2.tar.gz", hash = "sha256:6253adb39c70f6e51afed2fa7152bcd414c411286088fb4b9effb133885ab4cc", size = 214988 }
wheels = [
    { url = "https://files.pythonhosted.org/packages/9a/77/0cc7a8a3bc7e53d07e8f47f147b92b0960e902b8254859f4aee5c4d7866b/semver-3.0.2-py3-none-any.whl", hash = "sha256:b1ea4686fe70b981f85359eda33199d60c53964284e0cfb4977d243e37cf4bf4", size = 17099 },
]

[[package]]
name = "six"
version = "1.17.0"
source = { registry = "https://pypi.org/simple" }
sdist = { url = "https://files.pythonhosted.org/packages/94/e7/b2c673351809dca68a0e064b6af791aa332cf192da575fd474ed7d6f16a2/six-1.17.0.tar.gz", hash = "sha256:ff70335d468e7eb6ec65b95b99d3a2836546063f63acc5171de367e834932a81", size = 34031 }
wheels = [
    { url = "https://files.pythonhosted.org/packages/b7/ce/149a00dd41f10bc29e5921b496af8b574d8413afcd5e30dfa0ed46c2cc5e/six-1.17.0-py2.py3-none-any.whl", hash = "sha256:4721f391ed90541fddacab5acf947aa0d3dc7d27b2e1e8eda2be8970586c3274", size = 11050 },
]

[[package]]
name = "typing-extensions"
version = "4.12.2"
source = { registry = "https://pypi.org/simple" }
sdist = { url = "https://files.pythonhosted.org/packages/df/db/f35a00659bc03fec321ba8bce9420de607a1d37f8342eee1863174c69557/typing_extensions-4.12.2.tar.gz", hash = "sha256:1a7ead55c7e559dd4dee8856e3a88b41225abfe1ce8df57b7c13915fe121ffb8", size = 85321 }
wheels = [
    { url = "https://files.pythonhosted.org/packages/26/9f/ad63fc0248c5379346306f8668cda6e2e2e9c95e01216d2b8ffd9ff037d0/typing_extensions-4.12.2-py3-none-any.whl", hash = "sha256:04e5ca0351e0f3f85c6853954072df659d0d13fac324d0072316b67d7794700d", size = 37438 },
]

[[package]]
name = "urllib3"
version = "2.2.3"
source = { registry = "https://pypi.org/simple" }
sdist = { url = "https://files.pythonhosted.org/packages/ed/63/22ba4ebfe7430b76388e7cd448d5478814d3032121827c12a2cc287e2260/urllib3-2.2.3.tar.gz", hash = "sha256:e7d814a81dad81e6caf2ec9fdedb284ecc9c73076b62654547cc64ccdcae26e9", size = 300677 }
wheels = [
    { url = "https://files.pythonhosted.org/packages/ce/d9/5f4c13cecde62396b0d3fe530a50ccea91e7dfc1ccf0e09c228841bb5ba8/urllib3-2.2.3-py3-none-any.whl", hash = "sha256:ca899ca043dcb1bafa3e262d73aa25c465bfb49e0bd9dd5d59f1d0acba2f8fac", size = 126338 },
]
